# This file is autogenerated, do not edit; changes may be undone by the next 'dep ensure'.


[[projects]]
  branch = "master"
  name = "github.com/hashicorp/go-hclog"
  packages = ["."]
  revision = "ff2cf002a8dd750586d91dddd4470c341f981fe1"

[solve-meta]
  analyzer-name = "dep"
  analyzer-version = 1
  inputs-digest = "500ef515fae48c3db01ea6864c5f68a8d65dd03d591f95c08001f49cbed24aa3"
  solver-name = "gps-cdcl"
  solver-version = 1
